
Microsoft Visual Studio Solution File, Format Version 12.00
# Visual Studio Version 16
VisualStudioVersion = 16.0.31112.23
MinimumVisualStudioVersion = 10.0.40219.1
Project("{FAE04EC0-301F-11D3-BF4B-00C04F79EFBC}") = "KMSMB", "KMSMB\KMSMB.csproj", "{F83D71A0-6ACC-4C39-AF18-78D0FF27AB7A}"
EndProject
Global
	GlobalSection(SolutionConfigurationPlatforms) = preSolution
		Debug|Any CPU = Debug|Any CPU
		Release|Any CPU = Release|Any CPU
	EndGlobalSection
	GlobalSection(ProjectConfigurationPlatforms) = postSolution
		{F83D71A0-6ACC-4C39-AF18-78D0FF27AB7A}.Debug|Any CPU.ActiveCfg = Debug|Any CPU
		{F83D71A0-6ACC-4C39-AF18-78D0FF27AB7A}.Debug|Any CPU.Build.0 = Debug|Any CPU
		{F83D71A0-6ACC-4C39-AF18-78D0FF27AB7A}.Release|Any CPU.ActiveCfg = Release|Any CPU
		{F83D71A0-6ACC-4C39-AF18-78D0FF27AB7A}.Release|Any CPU.Build.0 = Release|Any CPU
	EndGlobalSection
	GlobalSection(SolutionProperties) = preSolution
		HideSolutionNode = FALSE
	EndGlobalSection
	GlobalSection(ExtensibilityGlobals) = postSolution
		SolutionGuid = {74462623-639B-45C2-8438-BA389711C2C0}
	EndGlobalSection
EndGlobal
